
Microsoft Visual Studio Solution File, Format Version 12.00
# Visual Studio Version 17
VisualStudioVersion = 17.4.33122.133
MinimumVisualStudioVersion = 10.0.40219.1
Project("{FAE04EC0-301F-11D3-BF4B-00C04F79EFBC}") = "Battleships", "Battleships\Battleships.csproj", "{998E36F0-8B60-4FFA-A46D-8436C6BF383E}"
EndProject
Global
	GlobalSection(SolutionConfigurationPlatforms) = preSolution
		Debug|Any CPU = Debug|Any CPU
		Release|Any CPU = Release|Any CPU
	EndGlobalSection
	GlobalSection(ProjectConfigurationPlatforms) = postSolution
		{998E36F0-8B60-4FFA-A46D-8436C6BF383E}.Debug|Any CPU.ActiveCfg = Debug|Any CPU
		{998E36F0-8B60-4FFA-A46D-8436C6BF383E}.Debug|Any CPU.Build.0 = Debug|Any CPU
		{998E36F0-8B60-4FFA-A46D-8436C6BF383E}.Release|Any CPU.ActiveCfg = Release|Any CPU
		{998E36F0-8B60-4FFA-A46D-8436C6BF383E}.Release|Any CPU.Build.0 = Release|Any CPU
	EndGlobalSection
	GlobalSection(SolutionProperties) = preSolution
		HideSolutionNode = FALSE
	EndGlobalSection
	GlobalSection(ExtensibilityGlobals) = postSolution
		SolutionGuid = {B87B3964-E815-4B65-8E30-AA50BC74C51F}
	EndGlobalSection
EndGlobal
